
Microsoft Visual Studio Solution File, Format Version 12.00
# Visual Studio Version 17
VisualStudioVersion = 17.1.31911.260
MinimumVisualStudioVersion = 10.0.40219.1
Project("{888888A0-9F3D-457C-B088-3A5042F75D52}") = "SnakeGame(Test1)", "SnakeGame(Test1).pyproj", "{300319C4-0C83-4B49-81E4-54369988217F}"
EndProject
Global
	GlobalSection(SolutionConfigurationPlatforms) = preSolution
		Debug|Any CPU = Debug|Any CPU
		Release|Any CPU = Release|Any CPU
	EndGlobalSection
	GlobalSection(ProjectConfigurationPlatforms) = postSolution
		{300319C4-0C83-4B49-81E4-54369988217F}.Debug|Any CPU.ActiveCfg = Debug|Any CPU
		{300319C4-0C83-4B49-81E4-54369988217F}.Release|Any CPU.ActiveCfg = Release|Any CPU
	EndGlobalSection
	GlobalSection(SolutionProperties) = preSolution
		HideSolutionNode = FALSE
	EndGlobalSection
	GlobalSection(ExtensibilityGlobals) = postSolution
		SolutionGuid = {7954387A-36F8-4157-AC39-AE1DCFE27A4C}
	EndGlobalSection
EndGlobal
